PODS:
  - amplify_auth_cognito (0.0.1):
    - Flutter
    - FlutterMacOS
  - amplify_secure_storage (0.0.1):
    - FlutterMacOS
  - FlutterMacOS (1.0.0)

DEPENDENCIES:
  - amplify_auth_cognito (from `Flutter/ephemeral/.symlinks/plugins/amplify_auth_cognito/darwin`)
  - amplify_secure_storage (from `Flutter/ephemeral/.symlinks/plugins/amplify_secure_storage/macos`)
  - FlutterMacOS (from `Flutter/ephemeral`)

EXTERNAL SOURCES:
  amplify_auth_cognito:
    :path: Flutter/ephemeral/.symlinks/plugins/amplify_auth_cognito/darwin
  amplify_secure_storage:
    :path: Flutter/ephemeral/.symlinks/plugins/amplify_secure_storage/macos
  FlutterMacOS:
    :path: Flutter/ephemeral

SPEC CHECKSUMS:
  amplify_auth_cognito: a5d9cb77abfbe05e3501ad0c45dddc81503e7074
  amplify_secure_storage: 0d69a14bac20aed7e9ece9ac982ee5cd18756bf2
  FlutterMacOS: d0db08ddef1a9af05a5ec4b724367152bb0500b1

PODFILE CHECKSUM: 54d867c82ac51cbd61b565781b9fada492027009

COCOAPODS: 1.16.2
